
Microsoft Visual Studio Solution File, Format Version 12.00
# Visual Studio Version 16
VisualStudioVersion = 16.0.30114.105
MinimumVisualStudioVersion = 10.0.40219.1
Project("{FAE04EC0-301F-11D3-BF4B-00C04F79EFBC}") = "JQueryDatatableCopyExcelPdfCSVPrintButtonMvc_Demo", "JQueryDatatableCopyExcelPdfCSVPrintButtonMvc_Demo\JQueryDatatableCopyExcelPdfCSVPrintButtonMvc_Demo.csproj", "{47AA13E8-B78F-4ED7-AA73-836A21CABE8E}"
EndProject
Global
	GlobalSection(SolutionConfigurationPlatforms) = preSolution
		Debug|Any CPU = Debug|Any CPU
		Release|Any CPU = Release|Any CPU
	EndGlobalSection
	GlobalSection(ProjectConfigurationPlatforms) = postSolution
		{47AA13E8-B78F-4ED7-AA73-836A21CABE8E}.Debug|Any CPU.ActiveCfg = Debug|Any CPU
		{47AA13E8-B78F-4ED7-AA73-836A21CABE8E}.Debug|Any CPU.Build.0 = Debug|Any CPU
		{47AA13E8-B78F-4ED7-AA73-836A21CABE8E}.Release|Any CPU.ActiveCfg = Release|Any CPU
		{47AA13E8-B78F-4ED7-AA73-836A21CABE8E}.Release|Any CPU.Build.0 = Release|Any CPU
	EndGlobalSection
	GlobalSection(SolutionProperties) = preSolution
		HideSolutionNode = FALSE
	EndGlobalSection
	GlobalSection(ExtensibilityGlobals) = postSolution
		SolutionGuid = {13415BFF-8DF2-4BC9-8433-53D86EAD7D78}
	EndGlobalSection
EndGlobal
